
Microsoft Visual Studio Solution File, Format Version 12.00
# Visual Studio Version 16
VisualStudioVersion = 16.0.29326.143
MinimumVisualStudioVersion = 10.0.40219.1
Project("{FAE04EC0-301F-11D3-BF4B-00C04F79EFBC}") = "ExcersizeApp.Api", "Api\ExcersizeApp.Api.csproj", "{791459EF-C077-4C4A-A7EE-FA9F22539267}"
EndProject
Project("{FAE04EC0-301F-11D3-BF4B-00C04F79EFBC}") = "ExcerciseApp.Core", "ExcerciseApp.Core\ExcerciseApp.Core.csproj", "{BF1243DA-F193-42E0-94B7-8E33BD5F7AF3}"
EndProject
Project("{FAE04EC0-301F-11D3-BF4B-00C04F79EFBC}") = "ExcerciseApp.Infrastructure", "ExcerciseApp.Infrastructure\ExcerciseApp.Infrastructure.csproj", "{25441BB2-BD14-4FF7-9DA3-E70B9D4BF30B}"
EndProject
Global
	GlobalSection(SolutionConfigurationPlatforms) = preSolution
		Debug|Any CPU = Debug|Any CPU
		Release|Any CPU = Release|Any CPU
	EndGlobalSection
	GlobalSection(ProjectConfigurationPlatforms) = postSolution
		{791459EF-C077-4C4A-A7EE-FA9F22539267}.Debug|Any CPU.ActiveCfg = Debug|Any CPU
		{791459EF-C077-4C4A-A7EE-FA9F22539267}.Debug|Any CPU.Build.0 = Debug|Any CPU
		{791459EF-C077-4C4A-A7EE-FA9F22539267}.Release|Any CPU.ActiveCfg = Release|Any CPU
		{791459EF-C077-4C4A-A7EE-FA9F22539267}.Release|Any CPU.Build.0 = Release|Any CPU
		{BF1243DA-F193-42E0-94B7-8E33BD5F7AF3}.Debug|Any CPU.ActiveCfg = Debug|Any CPU
		{BF1243DA-F193-42E0-94B7-8E33BD5F7AF3}.Debug|Any CPU.Build.0 = Debug|Any CPU
		{BF1243DA-F193-42E0-94B7-8E33BD5F7AF3}.Release|Any CPU.ActiveCfg = Release|Any CPU
		{BF1243DA-F193-42E0-94B7-8E33BD5F7AF3}.Release|Any CPU.Build.0 = Release|Any CPU
		{25441BB2-BD14-4FF7-9DA3-E70B9D4BF30B}.Debug|Any CPU.ActiveCfg = Debug|Any CPU
		{25441BB2-BD14-4FF7-9DA3-E70B9D4BF30B}.Debug|Any CPU.Build.0 = Debug|Any CPU
		{25441BB2-BD14-4FF7-9DA3-E70B9D4BF30B}.Release|Any CPU.ActiveCfg = Release|Any CPU
		{25441BB2-BD14-4FF7-9DA3-E70B9D4BF30B}.Release|Any CPU.Build.0 = Release|Any CPU
	EndGlobalSection
	GlobalSection(SolutionProperties) = preSolution
		HideSolutionNode = FALSE
	EndGlobalSection
	GlobalSection(ExtensibilityGlobals) = postSolution
		SolutionGuid = {F32E585E-4353-40DE-BF5C-6A2EF0340A76}
	EndGlobalSection
EndGlobal
